
Microsoft Visual Studio Solution File, Format Version 12.00
# Visual Studio Version 16
VisualStudioVersion = 16.0.29403.142
MinimumVisualStudioVersion = 10.0.40219.1
Project("{FAE04EC0-301F-11D3-BF4B-00C04F79EFBC}") = "Exercise01", "Exercise01.csproj", "{F62A46A5-9D97-4E5A-87DC-3D5716191124}"
EndProject
Global
	GlobalSection(SolutionConfigurationPlatforms) = preSolution
		Debug|Any CPU = Debug|Any CPU
		Release|Any CPU = Release|Any CPU
	EndGlobalSection
	GlobalSection(ProjectConfigurationPlatforms) = postSolution
		{F62A46A5-9D97-4E5A-87DC-3D5716191124}.Debug|Any CPU.ActiveCfg = Debug|Any CPU
		{F62A46A5-9D97-4E5A-87DC-3D5716191124}.Debug|Any CPU.Build.0 = Debug|Any CPU
		{F62A46A5-9D97-4E5A-87DC-3D5716191124}.Release|Any CPU.ActiveCfg = Release|Any CPU
		{F62A46A5-9D97-4E5A-87DC-3D5716191124}.Release|Any CPU.Build.0 = Release|Any CPU
	EndGlobalSection
	GlobalSection(SolutionProperties) = preSolution
		HideSolutionNode = FALSE
	EndGlobalSection
	GlobalSection(ExtensibilityGlobals) = postSolution
		SolutionGuid = {7987F221-E147-4824-A580-FECEDCFA4FF3}
	EndGlobalSection
EndGlobal
